// !$*UTF8*$!
{
	archiveVersion = 1;
	classes = {
	};
	objectVersion = 56;
	objects = {

/* Begin PBXBuildFile section */
		3A1EFAB129798622005894AA /* AppDelegate.swift in Sources */ = {isa = PBXBuildFile; fileRef = 3A1EFAB029798622005894AA /* AppDelegate.swift */; };
		3A1EFAB529798622005894AA /* MainView.swift in Sources */ = {isa = PBXBuildFile; fileRef = 3A1EFAB429798622005894AA /* MainView.swift */; };
		3A1EFABA29798624005894AA /* Assets.xcassets in Resources */ = {isa = PBXBuildFile; fileRef = 3A1EFAB929798624005894AA /* Assets.xcassets */; };
		3A1EFABD29798624005894AA /* LaunchScreen.storyboard in Resources */ = {isa = PBXBuildFile; fileRef = 3A1EFABB29798624005894AA /* LaunchScreen.storyboard */; };
		3A1EFACE29798E85005894AA /* MainPresenter.swift in Sources */ = {isa = PBXBuildFile; fileRef = 3A1EFACD29798E85005894AA /* MainPresenter.swift */; };
		3A1EFAD029798EEA005894AA /* MainModel.swift in Sources */ = {isa = PBXBuildFile; fileRef = 3A1EFACF29798EEA005894AA /* MainModel.swift */; };
		3A1EFAD229799346005894AA /* NetworkService.swift in Sources */ = {isa = PBXBuildFile; fileRef = 3A1EFAD129799346005894AA /* NetworkService.swift */; };
		3A1EFAD5297993A1005894AA /* EndPoint.swift in Sources */ = {isa = PBXBuildFile; fileRef = 3A1EFAD4297993A1005894AA /* EndPoint.swift */; };
		3A1EFAD72979965F005894AA /* MainTableViewCell.swift in Sources */ = {isa = PBXBuildFile; fileRef = 3A1EFAD62979965F005894AA /* MainTableViewCell.swift */; };
		3A1EFAD9297AD731005894AA /* NetworkModels.swift in Sources */ = {isa = PBXBuildFile; fileRef = 3A1EFAD8297AD731005894AA /* NetworkModels.swift */; };
		3A1EFADB297ADB19005894AA /* DetailPresenter.swift in Sources */ = {isa = PBXBuildFile; fileRef = 3A1EFADA297ADB19005894AA /* DetailPresenter.swift */; };
		3A1EFADE297ADB3E005894AA /* DetailView.swift in Sources */ = {isa = PBXBuildFile; fileRef = 3A1EFADD297ADB3E005894AA /* DetailView.swift */; };
		3A1EFAE0297ADB4E005894AA /* DetailModel.swift in Sources */ = {isa = PBXBuildFile; fileRef = 3A1EFADF297ADB4E005894AA /* DetailModel.swift */; };
		3A1EFAE6297AE20B005894AA /* MainAssembly.swift in Sources */ = {isa = PBXBuildFile; fileRef = 3A1EFAE5297AE20B005894AA /* MainAssembly.swift */; };
		3A1EFAE8297AE2C7005894AA /* DetailAssembly.swift in Sources */ = {isa = PBXBuildFile; fileRef = 3A1EFAE7297AE2C7005894AA /* DetailAssembly.swift */; };
		3A1EFAEA297BA65B005894AA /* DetailSubView.swift in Sources */ = {isa = PBXBuildFile; fileRef = 3A1EFAE9297BA65B005894AA /* DetailSubView.swift */; };
		3A1EFAEC297BE0D4005894AA /* ViewWithHeader.swift in Sources */ = {isa = PBXBuildFile; fileRef = 3A1EFAEB297BE0D4005894AA /* ViewWithHeader.swift */; };
		3A1EFAF0297BEACC005894AA /* Localization.swift in Sources */ = {isa = PBXBuildFile; fileRef = 3A1EFAEF297BEACC005894AA /* Localization.swift */; };
		3A1EFAF2297BEAD4005894AA /* Fonts.swift in Sources */ = {isa = PBXBuildFile; fileRef = 3A1EFAF1297BEAD4005894AA /* Fonts.swift */; };
		3A1EFAF4297BF0C9005894AA /* Metrics.swift in Sources */ = {isa = PBXBuildFile; fileRef = 3A1EFAF3297BF0C9005894AA /* Metrics.swift */; };
		3A1EFAF7297C28BD005894AA /* DataManager.swift in Sources */ = {isa = PBXBuildFile; fileRef = 3A1EFAF6297C28BD005894AA /* DataManager.swift */; };
/* End PBXBuildFile section */

/* Begin PBXFileReference section */
		3A1EFAAD29798622005894AA /* Вкусно?.app */ = {isa = PBXFileReference; explicitFileType = wrapper.application; includeInIndex = 0; path = "Вкусно?.app"; sourceTree = BUILT_PRODUCTS_DIR; };
		3A1EFAB029798622005894AA /* AppDelegate.swift */ = {isa = PBXFileReference; lastKnownFileType = sourcecode.swift; path = AppDelegate.swift; sourceTree = "<group>"; };
		3A1EFAB429798622005894AA /* MainView.swift */ = {isa = PBXFileReference; lastKnownFileType = sourcecode.swift; path = MainView.swift; sourceTree = "<group>"; };
		3A1EFAB929798624005894AA /* Assets.xcassets */ = {isa = PBXFileReference; lastKnownFileType = folder.assetcatalog; path = Assets.xcassets; sourceTree = "<group>"; };
		3A1EFABC29798624005894AA /* Base */ = {isa = PBXFileReference; lastKnownFileType = file.storyboard; name = Base; path = Base.lproj/LaunchScreen.storyboard; sourceTree = "<group>"; };
		3A1EFABE29798624005894AA /* Info.plist */ = {isa = PBXFileReference; lastKnownFileType = text.plist.xml; path = Info.plist; sourceTree = "<group>"; };
		3A1EFACD29798E85005894AA /* MainPresenter.swift */ = {isa = PBXFileReference; lastKnownFileType = sourcecode.swift; path = MainPresenter.swift; sourceTree = "<group>"; };
		3A1EFACF29798EEA005894AA /* MainModel.swift */ = {isa = PBXFileReference; lastKnownFileType = sourcecode.swift; path = MainModel.swift; sourceTree = "<group>"; };
		3A1EFAD129799346005894AA /* NetworkService.swift */ = {isa = PBXFileReference; lastKnownFileType = sourcecode.swift; path = NetworkService.swift; sourceTree = "<group>"; };
		3A1EFAD4297993A1005894AA /* EndPoint.swift */ = {isa = PBXFileReference; lastKnownFileType = sourcecode.swift; path = EndPoint.swift; sourceTree = "<group>"; };
		3A1EFAD62979965F005894AA /* MainTableViewCell.swift */ = {isa = PBXFileReference; lastKnownFileType = sourcecode.swift; path = MainTableViewCell.swift; sourceTree = "<group>"; };
		3A1EFAD8297AD731005894AA /* NetworkModels.swift */ = {isa = PBXFileReference; lastKnownFileType = sourcecode.swift; path = NetworkModels.swift; sourceTree = "<group>"; };
		3A1EFADA297ADB19005894AA /* DetailPresenter.swift */ = {isa = PBXFileReference; lastKnownFileType = sourcecode.swift; path = DetailPresenter.swift; sourceTree = "<group>"; };
		3A1EFADD297ADB3E005894AA /* DetailView.swift */ = {isa = PBXFileReference; lastKnownFileType = sourcecode.swift; path = DetailView.swift; sourceTree = "<group>"; };
		3A1EFADF297ADB4E005894AA /* DetailModel.swift */ = {isa = PBXFileReference; lastKnownFileType = sourcecode.swift; path = DetailModel.swift; sourceTree = "<group>"; };
		3A1EFAE5297AE20B005894AA /* MainAssembly.swift */ = {isa = PBXFileReference; lastKnownFileType = sourcecode.swift; path = MainAssembly.swift; sourceTree = "<group>"; };
		3A1EFAE7297AE2C7005894AA /* DetailAssembly.swift */ = {isa = PBXFileReference; lastKnownFileType = sourcecode.swift; path = DetailAssembly.swift; sourceTree = "<group>"; };
		3A1EFAE9297BA65B005894AA /* DetailSubView.swift */ = {isa = PBXFileReference; lastKnownFileType = sourcecode.swift; path = DetailSubView.swift; sourceTree = "<group>"; };
		3A1EFAEB297BE0D4005894AA /* ViewWithHeader.swift */ = {isa = PBXFileReference; lastKnownFileType = sourcecode.swift; path = ViewWithHeader.swift; sourceTree = "<group>"; };
		3A1EFAEF297BEACC005894AA /* Localization.swift */ = {isa = PBXFileReference; lastKnownFileType = sourcecode.swift; path = Localization.swift; sourceTree = "<group>"; };
		3A1EFAF1297BEAD4005894AA /* Fonts.swift */ = {isa = PBXFileReference; lastKnownFileType = sourcecode.swift; path = Fonts.swift; sourceTree = "<group>"; };
		3A1EFAF3297BF0C9005894AA /* Metrics.swift */ = {isa = PBXFileReference; lastKnownFileType = sourcecode.swift; path = Metrics.swift; sourceTree = "<group>"; };
		3A1EFAF6297C28BD005894AA /* DataManager.swift */ = {isa = PBXFileReference; lastKnownFileType = sourcecode.swift; path = DataManager.swift; sourceTree = "<group>"; };
/* End PBXFileReference section */

/* Begin PBXFrameworksBuildPhase section */
		3A1EFAAA29798622005894AA /* Frameworks */ = {
			isa = PBXFrameworksBuildPhase;
			buildActionMask = 2147483647;
			files = (
			);
			runOnlyForDeploymentPostprocessing = 0;
		};
/* End PBXFrameworksBuildPhase section */

/* Begin PBXGroup section */
		3A1EFAA429798622005894AA = {
			isa = PBXGroup;
			children = (
				3A1EFAAF29798622005894AA /* Вкусно? */,
				3A1EFAAE29798622005894AA /* Products */,
			);
			sourceTree = "<group>";
		};
		3A1EFAAE29798622005894AA /* Products */ = {
			isa = PBXGroup;
			children = (
				3A1EFAAD29798622005894AA /* Вкусно?.app */,
			);
			name = Products;
			sourceTree = "<group>";
		};
		3A1EFAAF29798622005894AA /* Вкусно? */ = {
			isa = PBXGroup;
			children = (
				3A1EFAC529798820005894AA /* Resource */,
				3A1EFAC429798818005894AA /* Source */,
			);
			path = "Вкусно?";
			sourceTree = "<group>";
		};
		3A1EFAC429798818005894AA /* Source */ = {
			isa = PBXGroup;
			children = (
				3A1EFAC929798864005894AA /* App */,
				3A1EFACA29798A37005894AA /* Common */,
				3A1EFAC829798851005894AA /* Modules */,
			);
			path = Source;
			sourceTree = "<group>";
		};
		3A1EFAC529798820005894AA /* Resource */ = {
			isa = PBXGroup;
			children = (
				3A1EFAB929798624005894AA /* Assets.xcassets */,
				3A1EFAC729798834005894AA /* Storyboard */,
				3A1EFAC62979882D005894AA /* Config */,
			);
			path = Resource;
			sourceTree = "<group>";
		};
		3A1EFAC62979882D005894AA /* Config */ = {
			isa = PBXGroup;
			children = (
				3A1EFABE29798624005894AA /* Info.plist */,
			);
			path = Config;
			sourceTree = "<group>";
		};
		3A1EFAC729798834005894AA /* Storyboard */ = {
			isa = PBXGroup;
			children = (
				3A1EFABB29798624005894AA /* LaunchScreen.storyboard */,
			);
			path = Storyboard;
			sourceTree = "<group>";
		};
		3A1EFAC829798851005894AA /* Modules */ = {
			isa = PBXGroup;
			children = (
				3A1EFAF5297C28AC005894AA /* DataManager */,
				3A1EFAD329799388005894AA /* Networking */,
				3A1EFACC29798AEC005894AA /* DetailScreen */,
				3A1EFACB29798AE2005894AA /* MainScreen */,
			);
			path = Modules;
			sourceTree = "<group>";
		};
		3A1EFAC929798864005894AA /* App */ = {
			isa = PBXGroup;
			children = (
				3A1EFAB029798622005894AA /* AppDelegate.swift */,
			);
			path = App;
			sourceTree = "<group>";
		};
		3A1EFACA29798A37005894AA /* Common */ = {
			isa = PBXGroup;
			children = (
				3A1EFAEE297BEABF005894AA /* Constants */,
				3A1EFAED297BE0E8005894AA /* View */,
			);
			path = Common;
			sourceTree = "<group>";
		};
		3A1EFACB29798AE2005894AA /* MainScreen */ = {
			isa = PBXGroup;
			children = (
				3A1EFACF29798EEA005894AA /* MainModel.swift */,
				3A1EFAB429798622005894AA /* MainView.swift */,
				3A1EFACD29798E85005894AA /* MainPresenter.swift */,
				3A1EFAD62979965F005894AA /* MainTableViewCell.swift */,
				3A1EFAE5297AE20B005894AA /* MainAssembly.swift */,
			);
			path = MainScreen;
			sourceTree = "<group>";
		};
		3A1EFACC29798AEC005894AA /* DetailScreen */ = {
			isa = PBXGroup;
			children = (
				3A1EFADF297ADB4E005894AA /* DetailModel.swift */,
				3A1EFADD297ADB3E005894AA /* DetailView.swift */,
				3A1EFADA297ADB19005894AA /* DetailPresenter.swift */,
				3A1EFAE7297AE2C7005894AA /* DetailAssembly.swift */,
				3A1EFAE9297BA65B005894AA /* DetailSubView.swift */,
			);
			path = DetailScreen;
			sourceTree = "<group>";
		};
		3A1EFAD329799388005894AA /* Networking */ = {
			isa = PBXGroup;
			children = (
				3A1EFAD129799346005894AA /* NetworkService.swift */,
				3A1EFAD8297AD731005894AA /* NetworkModels.swift */,
				3A1EFAD4297993A1005894AA /* EndPoint.swift */,
			);
			path = Networking;
			sourceTree = "<group>";
		};
		3A1EFAED297BE0E8005894AA /* View */ = {
			isa = PBXGroup;
			children = (
				3A1EFAEB297BE0D4005894AA /* ViewWithHeader.swift */,
			);
			path = View;
			sourceTree = "<group>";
		};
		3A1EFAEE297BEABF005894AA /* Constants */ = {
			isa = PBXGroup;
			children = (
				3A1EFAEF297BEACC005894AA /* Localization.swift */,
				3A1EFAF1297BEAD4005894AA /* Fonts.swift */,
				3A1EFAF3297BF0C9005894AA /* Metrics.swift */,
			);
			path = Constants;
			sourceTree = "<group>";
		};
		3A1EFAF5297C28AC005894AA /* DataManager */ = {
			isa = PBXGroup;
			children = (
				3A1EFAF6297C28BD005894AA /* DataManager.swift */,
			);
			path = DataManager;
			sourceTree = "<group>";
		};
/* End PBXGroup section */

/* Begin PBXNativeTarget section */
		3A1EFAAC29798622005894AA /* Вкусно? */ = {
			isa = PBXNativeTarget;
			buildConfigurationList = 3A1EFAC129798624005894AA /* Build configuration list for PBXNativeTarget "Вкусно?" */;
			buildPhases = (
				3A1EFAA929798622005894AA /* Sources */,
				3A1EFAAA29798622005894AA /* Frameworks */,
				3A1EFAAB29798622005894AA /* Resources */,
			);
			buildRules = (
			);
			dependencies = (
			);
			name = "Вкусно?";
			productName = "Вкусно?";
			productReference = 3A1EFAAD29798622005894AA /* Вкусно?.app */;
			productType = "com.apple.product-type.application";
		};
/* End PBXNativeTarget section */

/* Begin PBXProject section */
		3A1EFAA529798622005894AA /* Project object */ = {
			isa = PBXProject;
			attributes = {
				BuildIndependentTargetsInParallel = 1;
				LastSwiftUpdateCheck = 1420;
				LastUpgradeCheck = 1420;
				TargetAttributes = {
					3A1EFAAC29798622005894AA = {
						CreatedOnToolsVersion = 14.2;
					};
				};
			};
			buildConfigurationList = 3A1EFAA829798622005894AA /* Build configuration list for PBXProject "Вкусно?" */;
			compatibilityVersion = "Xcode 14.0";
			developmentRegion = en;
			hasScannedForEncodings = 0;
			knownRegions = (
				en,
				Base,
			);
			mainGroup = 3A1EFAA429798622005894AA;
			productRefGroup = 3A1EFAAE29798622005894AA /* Products */;
			projectDirPath = "";
			projectRoot = "";
			targets = (
				3A1EFAAC29798622005894AA /* Вкусно? */,
			);
		};
/* End PBXProject section */

/* Begin PBXResourcesBuildPhase section */
		3A1EFAAB29798622005894AA /* Resources */ = {
			isa = PBXResourcesBuildPhase;
			buildActionMask = 2147483647;
			files = (
				3A1EFABD29798624005894AA /* LaunchScreen.storyboard in Resources */,
				3A1EFABA29798624005894AA /* Assets.xcassets in Resources */,
			);
			runOnlyForDeploymentPostprocessing = 0;
		};
/* End PBXResourcesBuildPhase section */

/* Begin PBXSourcesBuildPhase section */
		3A1EFAA929798622005894AA /* Sources */ = {
			isa = PBXSourcesBuildPhase;
			buildActionMask = 2147483647;
			files = (
				3A1EFAD5297993A1005894AA /* EndPoint.swift in Sources */,
				3A1EFAF0297BEACC005894AA /* Localization.swift in Sources */,
				3A1EFAD229799346005894AA /* NetworkService.swift in Sources */,
				3A1EFAF4297BF0C9005894AA /* Metrics.swift in Sources */,
				3A1EFADB297ADB19005894AA /* DetailPresenter.swift in Sources */,
				3A1EFADE297ADB3E005894AA /* DetailView.swift in Sources */,
				3A1EFAD029798EEA005894AA /* MainModel.swift in Sources */,
				3A1EFAD72979965F005894AA /* MainTableViewCell.swift in Sources */,
				3A1EFAD9297AD731005894AA /* NetworkModels.swift in Sources */,
				3A1EFAB529798622005894AA /* MainView.swift in Sources */,
				3A1EFACE29798E85005894AA /* MainPresenter.swift in Sources */,
				3A1EFAE0297ADB4E005894AA /* DetailModel.swift in Sources */,
				3A1EFAB129798622005894AA /* AppDelegate.swift in Sources */,
				3A1EFAE8297AE2C7005894AA /* DetailAssembly.swift in Sources */,
				3A1EFAF7297C28BD005894AA /* DataManager.swift in Sources */,
				3A1EFAE6297AE20B005894AA /* MainAssembly.swift in Sources */,
				3A1EFAEA297BA65B005894AA /* DetailSubView.swift in Sources */,
				3A1EFAF2297BEAD4005894AA /* Fonts.swift in Sources */,
				3A1EFAEC297BE0D4005894AA /* ViewWithHeader.swift in Sources */,
			);
			runOnlyForDeploymentPostprocessing = 0;
		};
/* End PBXSourcesBuildPhase section */

/* Begin PBXVariantGroup section */
		3A1EFABB29798624005894AA /* LaunchScreen.storyboard */ = {
			isa = PBXVariantGroup;
			children = (
				3A1EFABC29798624005894AA /* Base */,
			);
			name = LaunchScreen.storyboard;
			sourceTree = "<group>";
		};
/* End PBXVariantGroup section */

/* Begin XCBuildConfiguration section */
		3A1EFABF29798624005894AA /* Debug */ = {
			isa = XCBuildConfiguration;
			buildSettings = {
				ALWAYS_SEARCH_USER_PATHS = NO;
				CLANG_ANALYZER_NONNULL = YES;
				CLANG_ANALYZER_NUMBER_OBJECT_CONVERSION = YES_AGGRESSIVE;
				CLANG_CXX_LANGUAGE_STANDARD = "gnu++20";
				CLANG_ENABLE_MODULES = YES;
				CLANG_ENABLE_OBJC_ARC = YES;
				CLANG_ENABLE_OBJC_WEAK = YES;
				CLANG_WARN_BLOCK_CAPTURE_AUTORELEASING = YES;
				CLANG_WARN_BOOL_CONVERSION = YES;
				CLANG_WARN_COMMA = YES;
				CLANG_WARN_CONSTANT_CONVERSION = YES;
				CLANG_WARN_DEPRECATED_OBJC_IMPLEMENTATIONS = YES;
				CLANG_WARN_DIRECT_OBJC_ISA_USAGE = YES_ERROR;
				CLANG_WARN_DOCUMENTATION_COMMENTS = YES;
				CLANG_WARN_EMPTY_BODY = YES;
				CLANG_WARN_ENUM_CONVERSION = YES;
				CLANG_WARN_INFINITE_RECURSION = YES;
				CLANG_WARN_INT_CONVERSION = YES;
				CLANG_WARN_NON_LITERAL_NULL_CONVERSION = YES;
				CLANG_WARN_OBJC_IMPLICIT_RETAIN_SELF = YES;
				CLANG_WARN_OBJC_LITERAL_CONVERSION = YES;
				CLANG_WARN_OBJC_ROOT_CLASS = YES_ERROR;
				CLANG_WARN_QUOTED_INCLUDE_IN_FRAMEWORK_HEADER = YES;
				CLANG_WARN_RANGE_LOOP_ANALYSIS = YES;
				CLANG_WARN_STRICT_PROTOTYPES = YES;
				CLANG_WARN_SUSPICIOUS_MOVE = YES;
				CLANG_WARN_UNGUARDED_AVAILABILITY = YES_AGGRESSIVE;
				CLANG_WARN_UNREACHABLE_CODE = YES;
				CLANG_WARN__DUPLICATE_METHOD_MATCH = YES;
				COPY_PHASE_STRIP = NO;
				DEBUG_INFORMATION_FORMAT = dwarf;
				ENABLE_STRICT_OBJC_MSGSEND = YES;
				ENABLE_TESTABILITY = YES;
				GCC_C_LANGUAGE_STANDARD = gnu11;
				GCC_DYNAMIC_NO_PIC = NO;
				GCC_NO_COMMON_BLOCKS = YES;
				GCC_OPTIMIZATION_LEVEL = 0;
				GCC_PREPROCESSOR_DEFINITIONS = (
					"DEBUG=1",
					"$(inherited)",
				);
				GCC_WARN_64_TO_32_BIT_CONVERSION = YES;
				GCC_WARN_ABOUT_RETURN_TYPE = YES_ERROR;
				GCC_WARN_UNDECLARED_SELECTOR = YES;
				GCC_WARN_UNINITIALIZED_AUTOS = YES_AGGRESSIVE;
				GCC_WARN_UNUSED_FUNCTION = YES;
				GCC_WARN_UNUSED_VARIABLE = YES;
				IPHONEOS_DEPLOYMENT_TARGET = 16.2;
				MTL_ENABLE_DEBUG_INFO = INCLUDE_SOURCE;
				MTL_FAST_MATH = YES;
				ONLY_ACTIVE_ARCH = YES;
				SDKROOT = iphoneos;
				SWIFT_ACTIVE_COMPILATION_CONDITIONS = DEBUG;
				SWIFT_OPTIMIZATION_LEVEL = "-Onone";
			};
			name = Debug;
		};
		3A1EFAC029798624005894AA /* Release */ = {
			isa = XCBuildConfiguration;
			buildSettings = {
				ALWAYS_SEARCH_USER_PATHS = NO;
				CLANG_ANALYZER_NONNULL = YES;
				CLANG_ANALYZER_NUMBER_OBJECT_CONVERSION = YES_AGGRESSIVE;
				CLANG_CXX_LANGUAGE_STANDARD = "gnu++20";
				CLANG_ENABLE_MODULES = YES;
				CLANG_ENABLE_OBJC_ARC = YES;
				CLANG_ENABLE_OBJC_WEAK = YES;
				CLANG_WARN_BLOCK_CAPTURE_AUTORELEASING = YES;
				CLANG_WARN_BOOL_CONVERSION = YES;
				CLANG_WARN_COMMA = YES;
				CLANG_WARN_CONSTANT_CONVERSION = YES;
				CLANG_WARN_DEPRECATED_OBJC_IMPLEMENTATIONS = YES;
				CLANG_WARN_DIRECT_OBJC_ISA_USAGE = YES_ERROR;
				CLANG_WARN_DOCUMENTATION_COMMENTS = YES;
				CLANG_WARN_EMPTY_BODY = YES;
				CLANG_WARN_ENUM_CONVERSION = YES;
				CLANG_WARN_INFINITE_RECURSION = YES;
				CLANG_WARN_INT_CONVERSION = YES;
				CLANG_WARN_NON_LITERAL_NULL_CONVERSION = YES;
				CLANG_WARN_OBJC_IMPLICIT_RETAIN_SELF = YES;
				CLANG_WARN_OBJC_LITERAL_CONVERSION = YES;
				CLANG_WARN_OBJC_ROOT_CLASS = YES_ERROR;
				CLANG_WARN_QUOTED_INCLUDE_IN_FRAMEWORK_HEADER = YES;
				CLANG_WARN_RANGE_LOOP_ANALYSIS = YES;
				CLANG_WARN_STRICT_PROTOTYPES = YES;
				CLANG_WARN_SUSPICIOUS_MOVE = YES;
				CLANG_WARN_UNGUARDED_AVAILABILITY = YES_AGGRESSIVE;
				CLANG_WARN_UNREACHABLE_CODE = YES;
				CLANG_WARN__DUPLICATE_METHOD_MATCH = YES;
				COPY_PHASE_STRIP = NO;
				DEBUG_INFORMATION_FORMAT = "dwarf-with-dsym";
				ENABLE_NS_ASSERTIONS = NO;
				ENABLE_STRICT_OBJC_MSGSEND = YES;
				GCC_C_LANGUAGE_STANDARD = gnu11;
				GCC_NO_COMMON_BLOCKS = YES;
				GCC_WARN_64_TO_32_BIT_CONVERSION = YES;
				GCC_WARN_ABOUT_RETURN_TYPE = YES_ERROR;
				GCC_WARN_UNDECLARED_SELECTOR = YES;
				GCC_WARN_UNINITIALIZED_AUTOS = YES_AGGRESSIVE;
				GCC_WARN_UNUSED_FUNCTION = YES;
				GCC_WARN_UNUSED_VARIABLE = YES;
				IPHONEOS_DEPLOYMENT_TARGET = 16.2;
				MTL_ENABLE_DEBUG_INFO = NO;
				MTL_FAST_MATH = YES;
				SDKROOT = iphoneos;
				SWIFT_COMPILATION_MODE = wholemodule;
				SWIFT_OPTIMIZATION_LEVEL = "-O";
				VALIDATE_PRODUCT = YES;
			};
			name = Release;
		};
		3A1EFAC229798624005894AA /* Debug */ = {
			isa = XCBuildConfiguration;
			buildSettings = {
				ASSETCATALOG_COMPILER_APPICON_NAME = AppIcon;
				ASSETCATALOG_COMPILER_GLOBAL_ACCENT_COLOR_NAME = AccentColor;
				CODE_SIGN_STYLE = Automatic;
				CURRENT_PROJECT_VERSION = 1;
				DEVELOPMENT_TEAM = XPDQ86R58G;
				GENERATE_INFOPLIST_FILE = YES;
				INFOPLIST_FILE = "Вкусно?/Resource/Config/Info.plist";
				INFOPLIST_KEY_UIApplicationSupportsIndirectInputEvents = YES;
				INFOPLIST_KEY_UILaunchStoryboardName = LaunchScreen;
				INFOPLIST_KEY_UIMainStoryboardFile = LaunchScreen;
				INFOPLIST_KEY_UISupportedInterfaceOrientations_iPad = "UIInterfaceOrientationPortrait UIInterfaceOrientationPortraitUpsideDown UIInterfaceOrientationLandscapeLeft UIInterfaceOrientationLandscapeRight";
				INFOPLIST_KEY_UISupportedInterfaceOrientations_iPhone = "UIInterfaceOrientationPortrait UIInterfaceOrientationLandscapeLeft UIInterfaceOrientationLandscapeRight";
				IPHONEOS_DEPLOYMENT_TARGET = 12.0;
				LD_RUNPATH_SEARCH_PATHS = (
					"$(inherited)",
					"@executable_path/Frameworks",
				);
				MARKETING_VERSION = 1.0;
				PRODUCT_BUNDLE_IDENTIFIER = "com.my.-------";
				PRODUCT_NAME = "$(TARGET_NAME)";
				SWIFT_EMIT_LOC_STRINGS = YES;
				SWIFT_VERSION = 5.0;
				TARGETED_DEVICE_FAMILY = "1,2";
			};
			name = Debug;
		};
		3A1EFAC329798624005894AA /* Release */ = {
			isa = XCBuildConfiguration;
			buildSettings = {
				ASSETCATALOG_COMPILER_APPICON_NAME = AppIcon;
				ASSETCATALOG_COMPILER_GLOBAL_ACCENT_COLOR_NAME = AccentColor;
				CODE_SIGN_STYLE = Automatic;
				CURRENT_PROJECT_VERSION = 1;
				DEVELOPMENT_TEAM = XPDQ86R58G;
				GENERATE_INFOPLIST_FILE = YES;
				INFOPLIST_FILE = "Вкусно?/Resource/Config/Info.plist";
				INFOPLIST_KEY_UIApplicationSupportsIndirectInputEvents = YES;
				INFOPLIST_KEY_UILaunchStoryboardName = LaunchScreen;
				INFOPLIST_KEY_UIMainStoryboardFile = LaunchScreen;
				INFOPLIST_KEY_UISupportedInterfaceOrientations_iPad = "UIInterfaceOrientationPortrait UIInterfaceOrientationPortraitUpsideDown UIInterfaceOrientationLandscapeLeft UIInterfaceOrientationLandscapeRight";
				INFOPLIST_KEY_UISupportedInterfaceOrientations_iPhone = "UIInterfaceOrientationPortrait UIInterfaceOrientationLandscapeLeft UIInterfaceOrientationLandscapeRight";
				IPHONEOS_DEPLOYMENT_TARGET = 12.0;
				LD_RUNPATH_SEARCH_PATHS = (
					"$(inherited)",
					"@executable_path/Frameworks",
				);
				MARKETING_VERSION = 1.0;
				PRODUCT_BUNDLE_IDENTIFIER = "com.my.-------";
				PRODUCT_NAME = "$(TARGET_NAME)";
				SWIFT_EMIT_LOC_STRINGS = YES;
				SWIFT_VERSION = 5.0;
				TARGETED_DEVICE_FAMILY = "1,2";
			};
			name = Release;
		};
/* End XCBuildConfiguration section */

/* Begin XCConfigurationList section */
		3A1EFAA829798622005894AA /* Build configuration list for PBXProject "Вкусно?" */ = {
			isa = XCConfigurationList;
			buildConfigurations = (
				3A1EFABF29798624005894AA /* Debug */,
				3A1EFAC029798624005894AA /* Release */,
			);
			defaultConfigurationIsVisible = 0;
			defaultConfigurationName = Release;
		};
		3A1EFAC129798624005894AA /* Build configuration list for PBXNativeTarget "Вкусно?" */ = {
			isa = XCConfigurationList;
			buildConfigurations = (
				3A1EFAC229798624005894AA /* Debug */,
				3A1EFAC329798624005894AA /* Release */,
			);
			defaultConfigurationIsVisible = 0;
			defaultConfigurationName = Release;
		};
/* End XCConfigurationList section */
	};
	rootObject = 3A1EFAA529798622005894AA /* Project object */;
}
